
Microsoft Visual Studio Solution File, Format Version 12.00
# Visual Studio Version 16
VisualStudioVersion = 16.0.29806.167
MinimumVisualStudioVersion = 10.0.40219.1
Project("{FAE04EC0-301F-11D3-BF4B-00C04F79EFBC}") = "FORCADEL", "FORCADEL\FORCADEL.csproj", "{1DEE6D0B-BD2D-49DD-ABDD-A46DE7403C45}"
EndProject
Project("{FAE04EC0-301F-11D3-BF4B-00C04F79EFBC}") = "CAPA_Datos", "CAPA_Datos\CAPA_Datos.csproj", "{A51F0377-5AD1-4C27-8BE0-46C0A74C8260}"
EndProject
Project("{FAE04EC0-301F-11D3-BF4B-00C04F79EFBC}") = "CAPA_Logica", "CAPA_Logica\CAPA_Logica.csproj", "{AB5DF05E-21EB-45E6-9D95-05879EDC0E44}"
EndProject
Project("{FAE04EC0-301F-11D3-BF4B-00C04F79EFBC}") = "CAPA_Entidades", "CAPA_Entidades\CAPA_Entidades.csproj", "{4A2B8097-425B-48BE-8C78-8EB3D772D397}"
EndProject
Global
	GlobalSection(SolutionConfigurationPlatforms) = preSolution
		Debug|Any CPU = Debug|Any CPU
		Release|Any CPU = Release|Any CPU
	EndGlobalSection
	GlobalSection(ProjectConfigurationPlatforms) = postSolution
		{1DEE6D0B-BD2D-49DD-ABDD-A46DE7403C45}.Debug|Any CPU.ActiveCfg = Debug|Any CPU
		{1DEE6D0B-BD2D-49DD-ABDD-A46DE7403C45}.Debug|Any CPU.Build.0 = Debug|Any CPU
		{1DEE6D0B-BD2D-49DD-ABDD-A46DE7403C45}.Release|Any CPU.ActiveCfg = Release|Any CPU
		{1DEE6D0B-BD2D-49DD-ABDD-A46DE7403C45}.Release|Any CPU.Build.0 = Release|Any CPU
		{A51F0377-5AD1-4C27-8BE0-46C0A74C8260}.Debug|Any CPU.ActiveCfg = Debug|Any CPU
		{A51F0377-5AD1-4C27-8BE0-46C0A74C8260}.Debug|Any CPU.Build.0 = Debug|Any CPU
		{A51F0377-5AD1-4C27-8BE0-46C0A74C8260}.Release|Any CPU.ActiveCfg = Release|Any CPU
		{A51F0377-5AD1-4C27-8BE0-46C0A74C8260}.Release|Any CPU.Build.0 = Release|Any CPU
		{AB5DF05E-21EB-45E6-9D95-05879EDC0E44}.Debug|Any CPU.ActiveCfg = Debug|Any CPU
		{AB5DF05E-21EB-45E6-9D95-05879EDC0E44}.Debug|Any CPU.Build.0 = Debug|Any CPU
		{AB5DF05E-21EB-45E6-9D95-05879EDC0E44}.Release|Any CPU.ActiveCfg = Release|Any CPU
		{AB5DF05E-21EB-45E6-9D95-05879EDC0E44}.Release|Any CPU.Build.0 = Release|Any CPU
		{4A2B8097-425B-48BE-8C78-8EB3D772D397}.Debug|Any CPU.ActiveCfg = Debug|Any CPU
		{4A2B8097-425B-48BE-8C78-8EB3D772D397}.Debug|Any CPU.Build.0 = Debug|Any CPU
		{4A2B8097-425B-48BE-8C78-8EB3D772D397}.Release|Any CPU.ActiveCfg = Release|Any CPU
		{4A2B8097-425B-48BE-8C78-8EB3D772D397}.Release|Any CPU.Build.0 = Release|Any CPU
	EndGlobalSection
	GlobalSection(SolutionProperties) = preSolution
		HideSolutionNode = FALSE
	EndGlobalSection
	GlobalSection(ExtensibilityGlobals) = postSolution
		SolutionGuid = {9451F88C-FB8C-4049-AD4D-60C336F3409B}
	EndGlobalSection
EndGlobal
